// !$*UTF8*$!
{
	archiveVersion = 1;
	classes = {
	};
	objectVersion = 50;
	objects = {

/* Begin PBXBuildFile section */
		079F53042F385F41376BB00F /* Pods_Soundbored.framework in Frameworks */ = {isa = PBXBuildFile; fileRef = C917800B87AEDA8A77DBE9C7 /* Pods_Soundbored.framework */; };
		FDFF8DE921B8306500558293 /* AppDelegate.swift in Sources */ = {isa = PBXBuildFile; fileRef = FDFF8DE821B8306500558293 /* AppDelegate.swift */; };
		FDFF8DEB21B8306500558293 /* ViewController.swift in Sources */ = {isa = PBXBuildFile; fileRef = FDFF8DEA21B8306500558293 /* ViewController.swift */; };
		FDFF8DEE21B8306500558293 /* Main.storyboard in Resources */ = {isa = PBXBuildFile; fileRef = FDFF8DEC21B8306500558293 /* Main.storyboard */; };
		FDFF8DF021B8306600558293 /* Assets.xcassets in Resources */ = {isa = PBXBuildFile; fileRef = FDFF8DEF21B8306600558293 /* Assets.xcassets */; };
		FDFF8DF321B8306600558293 /* LaunchScreen.storyboard in Resources */ = {isa = PBXBuildFile; fileRef = FDFF8DF121B8306600558293 /* LaunchScreen.storyboard */; };
/* End PBXBuildFile section */

/* Begin PBXFileReference section */
		070D8AB534A7583A0F38AB49 /* Pods-Soundbored.release.xcconfig */ = {isa = PBXFileReference; includeInIndex = 1; lastKnownFileType = text.xcconfig; name = "Pods-Soundbored.release.xcconfig"; path = "Pods/Target Support Files/Pods-Soundbored/Pods-Soundbored.release.xcconfig"; sourceTree = "<group>"; };
		24396A1FC79E8E34499693BE /* Pods-Soundbored.debug.xcconfig */ = {isa = PBXFileReference; includeInIndex = 1; lastKnownFileType = text.xcconfig; name = "Pods-Soundbored.debug.xcconfig"; path = "Pods/Target Support Files/Pods-Soundbored/Pods-Soundbored.debug.xcconfig"; sourceTree = "<group>"; };
		C917800B87AEDA8A77DBE9C7 /* Pods_Soundbored.framework */ = {isa = PBXFileReference; explicitFileType = wrapper.framework; includeInIndex = 0; path = Pods_Soundbored.framework; sourceTree = BUILT_PRODUCTS_DIR; };
		FDFF8DE521B8306500558293 /* Soundbored.app */ = {isa = PBXFileReference; explicitFileType = wrapper.application; includeInIndex = 0; path = Soundbored.app; sourceTree = BUILT_PRODUCTS_DIR; };
		FDFF8DE821B8306500558293 /* AppDelegate.swift */ = {isa = PBXFileReference; lastKnownFileType = sourcecode.swift; path = AppDelegate.swift; sourceTree = "<group>"; };
		FDFF8DEA21B8306500558293 /* ViewController.swift */ = {isa = PBXFileReference; lastKnownFileType = sourcecode.swift; path = ViewController.swift; sourceTree = "<group>"; };
		FDFF8DED21B8306500558293 /* Base */ = {isa = PBXFileReference; lastKnownFileType = file.storyboard; name = Base; path = Base.lproj/Main.storyboard; sourceTree = "<group>"; };
		FDFF8DEF21B8306600558293 /* Assets.xcassets */ = {isa = PBXFileReference; lastKnownFileType = folder.assetcatalog; path = Assets.xcassets; sourceTree = "<group>"; };
		FDFF8DF221B8306600558293 /* Base */ = {isa = PBXFileReference; lastKnownFileType = file.storyboard; name = Base; path = Base.lproj/LaunchScreen.storyboard; sourceTree = "<group>"; };
		FDFF8DF421B8306600558293 /* Info.plist */ = {isa = PBXFileReference; lastKnownFileType = text.plist.xml; path = Info.plist; sourceTree = "<group>"; };
/* End PBXFileReference section */

/* Begin PBXFrameworksBuildPhase section */
		FDFF8DE221B8306500558293 /* Frameworks */ = {
			isa = PBXFrameworksBuildPhase;
			buildActionMask = 2147483647;
			files = (
				079F53042F385F41376BB00F /* Pods_Soundbored.framework in Frameworks */,
			);
			runOnlyForDeploymentPostprocessing = 0;
		};
/* End PBXFrameworksBuildPhase section */

/* Begin PBXGroup section */
		61BDA75779C0610105462A16 /* Frameworks */ = {
			isa = PBXGroup;
			children = (
				C917800B87AEDA8A77DBE9C7 /* Pods_Soundbored.framework */,
			);
			name = Frameworks;
			sourceTree = "<group>";
		};
		AC756C9992E131B20E8641A2 /* Pods */ = {
			isa = PBXGroup;
			children = (
				24396A1FC79E8E34499693BE /* Pods-Soundbored.debug.xcconfig */,
				070D8AB534A7583A0F38AB49 /* Pods-Soundbored.release.xcconfig */,
			);
			name = Pods;
			sourceTree = "<group>";
		};
		FDFF8DDC21B8306500558293 = {
			isa = PBXGroup;
			children = (
				FDFF8DE721B8306500558293 /* Soundbored */,
				FDFF8DE621B8306500558293 /* Products */,
				AC756C9992E131B20E8641A2 /* Pods */,
				61BDA75779C0610105462A16 /* Frameworks */,
			);
			sourceTree = "<group>";
		};
		FDFF8DE621B8306500558293 /* Products */ = {
			isa = PBXGroup;
			children = (
				FDFF8DE521B8306500558293 /* Soundbored.app */,
			);
			name = Products;
			sourceTree = "<group>";
		};
		FDFF8DE721B8306500558293 /* Soundbored */ = {
			isa = PBXGroup;
			children = (
				FDFF8DE821B8306500558293 /* AppDelegate.swift */,
				FDFF8DEA21B8306500558293 /* ViewController.swift */,
				FDFF8DEC21B8306500558293 /* Main.storyboard */,
				FDFF8DEF21B8306600558293 /* Assets.xcassets */,
				FDFF8DF121B8306600558293 /* LaunchScreen.storyboard */,
				FDFF8DF421B8306600558293 /* Info.plist */,
			);
			path = Soundbored;
			sourceTree = "<group>";
		};
/* End PBXGroup section */

/* Begin PBXNativeTarget section */
		FDFF8DE421B8306500558293 /* Soundbored */ = {
			isa = PBXNativeTarget;
			buildConfigurationList = FDFF8DF721B8306600558293 /* Build configuration list for PBXNativeTarget "Soundbored" */;
			buildPhases = (
				D03A72D67BAB70EFB21AAB63 /* [CP] Check Pods Manifest.lock */,
				FDFF8DE121B8306500558293 /* Sources */,
				FDFF8DE221B8306500558293 /* Frameworks */,
				FDFF8DE321B8306500558293 /* Resources */,
			);
			buildRules = (
			);
			dependencies = (
			);
			name = Soundbored;
			productName = Soundbored;
			productReference = FDFF8DE521B8306500558293 /* Soundbored.app */;
			productType = "com.apple.product-type.application";
		};
/* End PBXNativeTarget section */

/* Begin PBXProject section */
		FDFF8DDD21B8306500558293 /* Project object */ = {
			isa = PBXProject;
			attributes = {
				LastSwiftUpdateCheck = 1000;
				LastUpgradeCheck = 1000;
				ORGANIZATIONNAME = "Peter Bloxidge";
				TargetAttributes = {
					FDFF8DE421B8306500558293 = {
						CreatedOnToolsVersion = 10.0;
					};
				};
			};
			buildConfigurationList = FDFF8DE021B8306500558293 /* Build configuration list for PBXProject "Soundbored" */;
			compatibilityVersion = "Xcode 9.3";
			developmentRegion = en;
			hasScannedForEncodings = 0;
			knownRegions = (
				en,
				Base,
			);
			mainGroup = FDFF8DDC21B8306500558293;
			productRefGroup = FDFF8DE621B8306500558293 /* Products */;
			projectDirPath = "";
			projectRoot = "";
			targets = (
				FDFF8DE421B8306500558293 /* Soundbored */,
			);
		};
/* End PBXProject section */

/* Begin PBXResourcesBuildPhase section */
		FDFF8DE321B8306500558293 /* Resources */ = {
			isa = PBXResourcesBuildPhase;
			buildActionMask = 2147483647;
			files = (
				FDFF8DF321B8306600558293 /* LaunchScreen.storyboard in Resources */,
				FDFF8DF021B8306600558293 /* Assets.xcassets in Resources */,
				FDFF8DEE21B8306500558293 /* Main.storyboard in Resources */,
			);
			runOnlyForDeploymentPostprocessing = 0;
		};
/* End PBXResourcesBuildPhase section */

/* Begin PBXShellScriptBuildPhase section */
		D03A72D67BAB70EFB21AAB63 /* [CP] Check Pods Manifest.lock */ = {
			isa = PBXShellScriptBuildPhase;
			buildActionMask = 2147483647;
			files = (
			);
			inputFileListPaths = (
			);
			inputPaths = (
				"${PODS_PODFILE_DIR_PATH}/Podfile.lock",
				"${PODS_ROOT}/Manifest.lock",
			);
			name = "[CP] Check Pods Manifest.lock";
			outputFileListPaths = (
			);
			outputPaths = (
				"$(DERIVED_FILE_DIR)/Pods-Soundbored-checkManifestLockResult.txt",
			);
			runOnlyForDeploymentPostprocessing = 0;
			shellPath = /bin/sh;
			shellScript = "diff \"${PODS_PODFILE_DIR_PATH}/Podfile.lock\" \"${PODS_ROOT}/Manifest.lock\" > /dev/null\nif [ $? != 0 ] ; then\n    # print error to STDERR\n    echo \"error: The sandbox is not in sync with the Podfile.lock. Run 'pod install' or update your CocoaPods installation.\" >&2\n    exit 1\nfi\n# This output is used by Xcode 'outputs' to avoid re-running this script phase.\necho \"SUCCESS\" > \"${SCRIPT_OUTPUT_FILE_0}\"\n";
			showEnvVarsInLog = 0;
		};
/* End PBXShellScriptBuildPhase section */

/* Begin PBXSourcesBuildPhase section */
		FDFF8DE121B8306500558293 /* Sources */ = {
			isa = PBXSourcesBuildPhase;
			buildActionMask = 2147483647;
			files = (
				FDFF8DEB21B8306500558293 /* ViewController.swift in Sources */,
				FDFF8DE921B8306500558293 /* AppDelegate.swift in Sources */,
			);
			runOnlyForDeploymentPostprocessing = 0;
		};
/* End PBXSourcesBuildPhase section */

/* Begin PBXVariantGroup section */
		FDFF8DEC21B8306500558293 /* Main.storyboard */ = {
			isa = PBXVariantGroup;
			children = (
				FDFF8DED21B8306500558293 /* Base */,
			);
			name = Main.storyboard;
			sourceTree = "<group>";
		};
		FDFF8DF121B8306600558293 /* LaunchScreen.storyboard */ = {
			isa = PBXVariantGroup;
			children = (
				FDFF8DF221B8306600558293 /* Base */,
			);
			name = LaunchScreen.storyboard;
			sourceTree = "<group>";
		};
/* End PBXVariantGroup section */

/* Begin XCBuildConfiguration section */
		FDFF8DF521B8306600558293 /* Debug */ = {
			isa = XCBuildConfiguration;
			buildSettings = {
				ALWAYS_SEARCH_USER_PATHS = NO;
				CLANG_ANALYZER_NONNULL = YES;
				CLANG_ANALYZER_NUMBER_OBJECT_CONVERSION = YES_AGGRESSIVE;
				CLANG_CXX_LANGUAGE_STANDARD = "gnu++14";
				CLANG_CXX_LIBRARY = "libc++";
				CLANG_ENABLE_MODULES = YES;
				CLANG_ENABLE_OBJC_ARC = YES;
				CLANG_ENABLE_OBJC_WEAK = YES;
				CLANG_WARN_BLOCK_CAPTURE_AUTORELEASING = YES;
				CLANG_WARN_BOOL_CONVERSION = YES;
				CLANG_WARN_COMMA = YES;
				CLANG_WARN_CONSTANT_CONVERSION = YES;
				CLANG_WARN_DEPRECATED_OBJC_IMPLEMENTATIONS = YES;
				CLANG_WARN_DIRECT_OBJC_ISA_USAGE = YES_ERROR;
				CLANG_WARN_DOCUMENTATION_COMMENTS = YES;
				CLANG_WARN_EMPTY_BODY = YES;
				CLANG_WARN_ENUM_CONVERSION = YES;
				CLANG_WARN_INFINITE_RECURSION = YES;
				CLANG_WARN_INT_CONVERSION = YES;
				CLANG_WARN_NON_LITERAL_NULL_CONVERSION = YES;
				CLANG_WARN_OBJC_IMPLICIT_RETAIN_SELF = YES;
				CLANG_WARN_OBJC_LITERAL_CONVERSION = YES;
				CLANG_WARN_OBJC_ROOT_CLASS = YES_ERROR;
				CLANG_WARN_RANGE_LOOP_ANALYSIS = YES;
				CLANG_WARN_STRICT_PROTOTYPES = YES;
				CLANG_WARN_SUSPICIOUS_MOVE = YES;
				CLANG_WARN_UNGUARDED_AVAILABILITY = YES_AGGRESSIVE;
				CLANG_WARN_UNREACHABLE_CODE = YES;
				CLANG_WARN__DUPLICATE_METHOD_MATCH = YES;
				CODE_SIGN_IDENTITY = "iPhone Developer";
				COPY_PHASE_STRIP = NO;
				DEBUG_INFORMATION_FORMAT = dwarf;
				ENABLE_STRICT_OBJC_MSGSEND = YES;
				ENABLE_TESTABILITY = YES;
				GCC_C_LANGUAGE_STANDARD = gnu11;
				GCC_DYNAMIC_NO_PIC = NO;
				GCC_NO_COMMON_BLOCKS = YES;
				GCC_OPTIMIZATION_LEVEL = 0;
				GCC_PREPROCESSOR_DEFINITIONS = (
					"DEBUG=1",
					"$(inherited)",
				);
				GCC_WARN_64_TO_32_BIT_CONVERSION = YES;
				GCC_WARN_ABOUT_RETURN_TYPE = YES_ERROR;
				GCC_WARN_UNDECLARED_SELECTOR = YES;
				GCC_WARN_UNINITIALIZED_AUTOS = YES_AGGRESSIVE;
				GCC_WARN_UNUSED_FUNCTION = YES;
				GCC_WARN_UNUSED_VARIABLE = YES;
				IPHONEOS_DEPLOYMENT_TARGET = 12.0;
				MTL_ENABLE_DEBUG_INFO = INCLUDE_SOURCE;
				MTL_FAST_MATH = YES;
				ONLY_ACTIVE_ARCH = YES;
				SDKROOT = iphoneos;
				SWIFT_ACTIVE_COMPILATION_CONDITIONS = DEBUG;
				SWIFT_OPTIMIZATION_LEVEL = "-Onone";
			};
			name = Debug;
		};
		FDFF8DF621B8306600558293 /* Release */ = {
			isa = XCBuildConfiguration;
			buildSettings = {
				ALWAYS_SEARCH_USER_PATHS = NO;
				CLANG_ANALYZER_NONNULL = YES;
				CLANG_ANALYZER_NUMBER_OBJECT_CONVERSION = YES_AGGRESSIVE;
				CLANG_CXX_LANGUAGE_STANDARD = "gnu++14";
				CLANG_CXX_LIBRARY = "libc++";
				CLANG_ENABLE_MODULES = YES;
				CLANG_ENABLE_OBJC_ARC = YES;
				CLANG_ENABLE_OBJC_WEAK = YES;
				CLANG_WARN_BLOCK_CAPTURE_AUTORELEASING = YES;
				CLANG_WARN_BOOL_CONVERSION = YES;
				CLANG_WARN_COMMA = YES;
				CLANG_WARN_CONSTANT_CONVERSION = YES;
				CLANG_WARN_DEPRECATED_OBJC_IMPLEMENTATIONS = YES;
				CLANG_WARN_DIRECT_OBJC_ISA_USAGE = YES_ERROR;
				CLANG_WARN_DOCUMENTATION_COMMENTS = YES;
				CLANG_WARN_EMPTY_BODY = YES;
				CLANG_WARN_ENUM_CONVERSION = YES;
				CLANG_WARN_INFINITE_RECURSION = YES;
				CLANG_WARN_INT_CONVERSION = YES;
				CLANG_WARN_NON_LITERAL_NULL_CONVERSION = YES;
				CLANG_WARN_OBJC_IMPLICIT_RETAIN_SELF = YES;
				CLANG_WARN_OBJC_LITERAL_CONVERSION = YES;
				CLANG_WARN_OBJC_ROOT_CLASS = YES_ERROR;
				CLANG_WARN_RANGE_LOOP_ANALYSIS = YES;
				CLANG_WARN_STRICT_PROTOTYPES = YES;
				CLANG_WARN_SUSPICIOUS_MOVE = YES;
				CLANG_WARN_UNGUARDED_AVAILABILITY = YES_AGGRESSIVE;
				CLANG_WARN_UNREACHABLE_CODE = YES;
				CLANG_WARN__DUPLICATE_METHOD_MATCH = YES;
				CODE_SIGN_IDENTITY = "iPhone Developer";
				COPY_PHASE_STRIP = NO;
				DEBUG_INFORMATION_FORMAT = "dwarf-with-dsym";
				ENABLE_NS_ASSERTIONS = NO;
				ENABLE_STRICT_OBJC_MSGSEND = YES;
				GCC_C_LANGUAGE_STANDARD = gnu11;
				GCC_NO_COMMON_BLOCKS = YES;
				GCC_WARN_64_TO_32_BIT_CONVERSION = YES;
				GCC_WARN_ABOUT_RETURN_TYPE = YES_ERROR;
				GCC_WARN_UNDECLARED_SELECTOR = YES;
				GCC_WARN_UNINITIALIZED_AUTOS = YES_AGGRESSIVE;
				GCC_WARN_UNUSED_FUNCTION = YES;
				GCC_WARN_UNUSED_VARIABLE = YES;
				IPHONEOS_DEPLOYMENT_TARGET = 12.0;
				MTL_ENABLE_DEBUG_INFO = NO;
				MTL_FAST_MATH = YES;
				SDKROOT = iphoneos;
				SWIFT_COMPILATION_MODE = wholemodule;
				SWIFT_OPTIMIZATION_LEVEL = "-O";
				VALIDATE_PRODUCT = YES;
			};
			name = Release;
		};
		FDFF8DF821B8306600558293 /* Debug */ = {
			isa = XCBuildConfiguration;
			baseConfigurationReference = 24396A1FC79E8E34499693BE /* Pods-Soundbored.debug.xcconfig */;
			buildSettings = {
				ASSETCATALOG_COMPILER_APPICON_NAME = AppIcon;
				CODE_SIGN_STYLE = Automatic;
				DEVELOPMENT_TEAM = 9XT7VKS6C2;
				INFOPLIST_FILE = Soundbored/Info.plist;
				IPHONEOS_DEPLOYMENT_TARGET = 11.0;
				LD_RUNPATH_SEARCH_PATHS = (
					"$(inherited)",
					"@executable_path/Frameworks",
				);
				PRODUCT_BUNDLE_IDENTIFIER = com.bloxidge.Soundbored;
				PRODUCT_NAME = "$(TARGET_NAME)";
				SWIFT_VERSION = 4.2;
				TARGETED_DEVICE_FAMILY = "1,2";
			};
			name = Debug;
		};
		FDFF8DF921B8306600558293 /* Release */ = {
			isa = XCBuildConfiguration;
			baseConfigurationReference = 070D8AB534A7583A0F38AB49 /* Pods-Soundbored.release.xcconfig */;
			buildSettings = {
				ASSETCATALOG_COMPILER_APPICON_NAME = AppIcon;
				CODE_SIGN_STYLE = Automatic;
				DEVELOPMENT_TEAM = 9XT7VKS6C2;
				INFOPLIST_FILE = Soundbored/Info.plist;
				IPHONEOS_DEPLOYMENT_TARGET = 11.0;
				LD_RUNPATH_SEARCH_PATHS = (
					"$(inherited)",
					"@executable_path/Frameworks",
				);
				PRODUCT_BUNDLE_IDENTIFIER = com.bloxidge.Soundbored;
				PRODUCT_NAME = "$(TARGET_NAME)";
				SWIFT_VERSION = 4.2;
				TARGETED_DEVICE_FAMILY = "1,2";
			};
			name = Release;
		};
/* End XCBuildConfiguration section */

/* Begin XCConfigurationList section */
		FDFF8DE021B8306500558293 /* Build configuration list for PBXProject "Soundbored" */ = {
			isa = XCConfigurationList;
			buildConfigurations = (
				FDFF8DF521B8306600558293 /* Debug */,
				FDFF8DF621B8306600558293 /* Release */,
			);
			defaultConfigurationIsVisible = 0;
			defaultConfigurationName = Release;
		};
		FDFF8DF721B8306600558293 /* Build configuration list for PBXNativeTarget "Soundbored" */ = {
			isa = XCConfigurationList;
			buildConfigurations = (
				FDFF8DF821B8306600558293 /* Debug */,
				FDFF8DF921B8306600558293 /* Release */,
			);
			defaultConfigurationIsVisible = 0;
			defaultConfigurationName = Release;
		};
/* End XCConfigurationList section */
	};
	rootObject = FDFF8DDD21B8306500558293 /* Project object */;
}
